// !$*UTF8*$!
{
	archiveVersion = 1;
	classes = {
	};
	objectVersion = 50;
	objects = {

/* Begin PBXBuildFile section */
		264B4F4E2200B17100757942 /* DetailsViewController.swift in Sources */ = {isa = PBXBuildFile; fileRef = 264B4F4D2200B17100757942 /* DetailsViewController.swift */; };
		2657E20321A3456900DFB872 /* AppDelegate.swift in Sources */ = {isa = PBXBuildFile; fileRef = 2657E20221A3456900DFB872 /* AppDelegate.swift */; };
		2657E20821A3456900DFB872 /* Main.storyboard in Resources */ = {isa = PBXBuildFile; fileRef = 2657E20621A3456900DFB872 /* Main.storyboard */; };
		2657E20A21A3456B00DFB872 /* Assets.xcassets in Resources */ = {isa = PBXBuildFile; fileRef = 2657E20921A3456B00DFB872 /* Assets.xcassets */; };
		2657E20D21A3456B00DFB872 /* LaunchScreen.storyboard in Resources */ = {isa = PBXBuildFile; fileRef = 2657E20B21A3456B00DFB872 /* LaunchScreen.storyboard */; };
		2694A7BE22048CC200D94CFD /* InfoViewController.swift in Sources */ = {isa = PBXBuildFile; fileRef = 2694A7BD22048CC200D94CFD /* InfoViewController.swift */; };
		26A54EC921E4D43B0033C3EB /* Launch Screen.storyboard in Resources */ = {isa = PBXBuildFile; fileRef = 26A54EC821E4D43B0033C3EB /* Launch Screen.storyboard */; };
		26ABAC0E21A43D4300C4E8C3 /* TableViewController.swift in Sources */ = {isa = PBXBuildFile; fileRef = 26ABAC0D21A43D4300C4E8C3 /* TableViewController.swift */; };
		26ABAC1621AC84EC00C4E8C3 /* SettingsTableViewController.swift in Sources */ = {isa = PBXBuildFile; fileRef = 26ABAC1521AC84EC00C4E8C3 /* SettingsTableViewController.swift */; };
		AA36885D2200AB83007172ED /* Spinner.swift in Sources */ = {isa = PBXBuildFile; fileRef = AA36885C2200AB83007172ED /* Spinner.swift */; };
		AA86DEED21C018890025D6DB /* Parser.swift in Sources */ = {isa = PBXBuildFile; fileRef = AA86DEEC21C018890025D6DB /* Parser.swift */; };
		D7F857C6DB311216E25E48C4 /* Pods_Test191118.framework in Frameworks */ = {isa = PBXBuildFile; fileRef = 9ACE939B51E4C4F9F93CE94E /* Pods_Test191118.framework */; };
		E40361502201B68C0003D8A6 /* MyTrigger.swift in Sources */ = {isa = PBXBuildFile; fileRef = E403614F2201B68C0003D8A6 /* MyTrigger.swift */; };
		E428962621E4E31E002E3D62 /* MainDataService.swift in Sources */ = {isa = PBXBuildFile; fileRef = E428962521E4E31E002E3D62 /* MainDataService.swift */; };
		E428962821E4E3B4002E3D62 /* AWSDataService.swift in Sources */ = {isa = PBXBuildFile; fileRef = E428962721E4E3B4002E3D62 /* AWSDataService.swift */; };
		E428962C21E4FB23002E3D62 /* DummyDataService.swift in Sources */ = {isa = PBXBuildFile; fileRef = E428962B21E4FB23002E3D62 /* DummyDataService.swift */; };
		E49A493021F9FC9200435DE3 /* AppleDataService.swift in Sources */ = {isa = PBXBuildFile; fileRef = E49A492F21F9FC9200435DE3 /* AppleDataService.swift */; };
/* End PBXBuildFile section */

/* Begin PBXContainerItemProxy section */
		2657E21421A3456B00DFB872 /* PBXContainerItemProxy */ = {
			isa = PBXContainerItemProxy;
			containerPortal = 2657E1F721A3456900DFB872 /* Project object */;
			proxyType = 1;
			remoteGlobalIDString = 2657E1FE21A3456900DFB872;
			remoteInfo = Test191118;
		};
		2657E21F21A3456B00DFB872 /* PBXContainerItemProxy */ = {
			isa = PBXContainerItemProxy;
			containerPortal = 2657E1F721A3456900DFB872 /* Project object */;
			proxyType = 1;
			remoteGlobalIDString = 2657E1FE21A3456900DFB872;
			remoteInfo = Test191118;
		};
/* End PBXContainerItemProxy section */

/* Begin PBXFileReference section */
		264B4F4D2200B17100757942 /* DetailsViewController.swift */ = {isa = PBXFileReference; lastKnownFileType = sourcecode.swift; path = DetailsViewController.swift; sourceTree = "<group>"; };
		2657E20221A3456900DFB872 /* AppDelegate.swift */ = {isa = PBXFileReference; lastKnownFileType = sourcecode.swift; path = AppDelegate.swift; sourceTree = "<group>"; };
		2657E20721A3456900DFB872 /* Base */ = {isa = PBXFileReference; lastKnownFileType = file.storyboard; name = Base; path = Base.lproj/Main.storyboard; sourceTree = "<group>"; };
		2657E20921A3456B00DFB872 /* Assets.xcassets */ = {isa = PBXFileReference; lastKnownFileType = folder.assetcatalog; path = Assets.xcassets; sourceTree = "<group>"; };
		2657E20C21A3456B00DFB872 /* Base */ = {isa = PBXFileReference; lastKnownFileType = file.storyboard; name = Base; path = Base.lproj/LaunchScreen.storyboard; sourceTree = "<group>"; };
		2657E20E21A3456B00DFB872 /* Info.plist */ = {isa = PBXFileReference; lastKnownFileType = text.plist.xml; path = Info.plist; sourceTree = "<group>"; };
		2694A7BD22048CC200D94CFD /* InfoViewController.swift */ = {isa = PBXFileReference; lastKnownFileType = sourcecode.swift; path = InfoViewController.swift; sourceTree = "<group>"; };
		26A54EC821E4D43B0033C3EB /* Launch Screen.storyboard */ = {isa = PBXFileReference; lastKnownFileType = file.storyboard; path = "Launch Screen.storyboard"; sourceTree = "<group>"; };
		26ABAC0D21A43D4300C4E8C3 /* TableViewController.swift */ = {isa = PBXFileReference; lastKnownFileType = sourcecode.swift; path = TableViewController.swift; sourceTree = "<group>"; };
		26ABAC1221A46D2800C4E8C3 /* Test191118.app */ = {isa = PBXFileReference; explicitFileType = wrapper.application; includeInIndex = 0; path = Test191118.app; sourceTree = BUILT_PRODUCTS_DIR; };
		26ABAC1521AC84EC00C4E8C3 /* SettingsTableViewController.swift */ = {isa = PBXFileReference; lastKnownFileType = sourcecode.swift; path = SettingsTableViewController.swift; sourceTree = "<group>"; };
		39390DA018491E5F31D0F620 /* Pods_Test191118UITests.framework */ = {isa = PBXFileReference; explicitFileType = wrapper.framework; includeInIndex = 0; path = Pods_Test191118UITests.framework; sourceTree = BUILT_PRODUCTS_DIR; };
		7699D5C1BD8437144A80B1E1 /* Pods-Test191118.release.xcconfig */ = {isa = PBXFileReference; includeInIndex = 1; lastKnownFileType = text.xcconfig; name = "Pods-Test191118.release.xcconfig"; path = "Pods/Target Support Files/Pods-Test191118/Pods-Test191118.release.xcconfig"; sourceTree = "<group>"; };
		9276928A3BEBE425155464C9 /* Pods-Test191118.debug.xcconfig */ = {isa = PBXFileReference; includeInIndex = 1; lastKnownFileType = text.xcconfig; name = "Pods-Test191118.debug.xcconfig"; path = "Pods/Target Support Files/Pods-Test191118/Pods-Test191118.debug.xcconfig"; sourceTree = "<group>"; };
		9ACE939B51E4C4F9F93CE94E /* Pods_Test191118.framework */ = {isa = PBXFileReference; explicitFileType = wrapper.framework; includeInIndex = 0; path = Pods_Test191118.framework; sourceTree = BUILT_PRODUCTS_DIR; };
		AA36885C2200AB83007172ED /* Spinner.swift */ = {isa = PBXFileReference; lastKnownFileType = sourcecode.swift; path = Spinner.swift; sourceTree = "<group>"; };
		AA86DEEC21C018890025D6DB /* Parser.swift */ = {isa = PBXFileReference; lastKnownFileType = sourcecode.swift; path = Parser.swift; sourceTree = "<group>"; };
		C53D2387D016DC4BB58CCE5B /* Pods_Test191118Tests.framework */ = {isa = PBXFileReference; explicitFileType = wrapper.framework; includeInIndex = 0; path = Pods_Test191118Tests.framework; sourceTree = BUILT_PRODUCTS_DIR; };
		E403614F2201B68C0003D8A6 /* MyTrigger.swift */ = {isa = PBXFileReference; lastKnownFileType = sourcecode.swift; path = MyTrigger.swift; sourceTree = "<group>"; };
		E428962521E4E31E002E3D62 /* MainDataService.swift */ = {isa = PBXFileReference; lastKnownFileType = sourcecode.swift; path = MainDataService.swift; sourceTree = "<group>"; };
		E428962721E4E3B4002E3D62 /* AWSDataService.swift */ = {isa = PBXFileReference; lastKnownFileType = sourcecode.swift; path = AWSDataService.swift; sourceTree = "<group>"; };
		E428962B21E4FB23002E3D62 /* DummyDataService.swift */ = {isa = PBXFileReference; lastKnownFileType = sourcecode.swift; path = DummyDataService.swift; sourceTree = "<group>"; };
		E43AB0C121E6A4680069712A /* Test191118Tests.xctest */ = {isa = PBXFileReference; explicitFileType = wrapper.cfbundle; includeInIndex = 0; path = Test191118Tests.xctest; sourceTree = BUILT_PRODUCTS_DIR; };
		E43AB0C221E6A4680069712A /* Test191118UITests.xctest */ = {isa = PBXFileReference; explicitFileType = wrapper.cfbundle; includeInIndex = 0; path = Test191118UITests.xctest; sourceTree = BUILT_PRODUCTS_DIR; };
		E49A492F21F9FC9200435DE3 /* AppleDataService.swift */ = {isa = PBXFileReference; lastKnownFileType = sourcecode.swift; path = AppleDataService.swift; sourceTree = "<group>"; };
/* End PBXFileReference section */

/* Begin PBXFrameworksBuildPhase section */
		2657E1FC21A3456900DFB872 /* Frameworks */ = {
			isa = PBXFrameworksBuildPhase;
			buildActionMask = 2147483647;
			files = (
				D7F857C6DB311216E25E48C4 /* Pods_Test191118.framework in Frameworks */,
			);
			runOnlyForDeploymentPostprocessing = 0;
		};
		2657E21021A3456B00DFB872 /* Frameworks */ = {
			isa = PBXFrameworksBuildPhase;
			buildActionMask = 2147483647;
			files = (
			);
			runOnlyForDeploymentPostprocessing = 0;
		};
		2657E21B21A3456B00DFB872 /* Frameworks */ = {
			isa = PBXFrameworksBuildPhase;
			buildActionMask = 2147483647;
			files = (
			);
			runOnlyForDeploymentPostprocessing = 0;
		};
/* End PBXFrameworksBuildPhase section */

/* Begin PBXGroup section */
		2657E1F621A3456900DFB872 = {
			isa = PBXGroup;
			children = (
				2657E20121A3456900DFB872 /* Test191118 */,
				26ABAC1221A46D2800C4E8C3 /* Test191118.app */,
				E1FA12F111F2914453E13117 /* Pods */,
				731C318C8D758745B547E095 /* Frameworks */,
				E43AB0C121E6A4680069712A /* Test191118Tests.xctest */,
				E43AB0C221E6A4680069712A /* Test191118UITests.xctest */,
			);
			sourceTree = "<group>";
		};
		2657E20121A3456900DFB872 /* Test191118 */ = {
			isa = PBXGroup;
			children = (
				2657E20221A3456900DFB872 /* AppDelegate.swift */,
				26ABAC0D21A43D4300C4E8C3 /* TableViewController.swift */,
				2657E20621A3456900DFB872 /* Main.storyboard */,
				26ABAC1521AC84EC00C4E8C3 /* SettingsTableViewController.swift */,
				264B4F4D2200B17100757942 /* DetailsViewController.swift */,
				2694A7BD22048CC200D94CFD /* InfoViewController.swift */,
				2657E20921A3456B00DFB872 /* Assets.xcassets */,
				2657E20B21A3456B00DFB872 /* LaunchScreen.storyboard */,
				2657E20E21A3456B00DFB872 /* Info.plist */,
				AA86DEEC21C018890025D6DB /* Parser.swift */,
				26A54EC821E4D43B0033C3EB /* Launch Screen.storyboard */,
				E428962521E4E31E002E3D62 /* MainDataService.swift */,
				E49A492F21F9FC9200435DE3 /* AppleDataService.swift */,
				E428962721E4E3B4002E3D62 /* AWSDataService.swift */,
				E428962B21E4FB23002E3D62 /* DummyDataService.swift */,
				AA36885C2200AB83007172ED /* Spinner.swift */,
				E403614F2201B68C0003D8A6 /* MyTrigger.swift */,
			);
			path = Test191118;
			sourceTree = "<group>";
		};
		731C318C8D758745B547E095 /* Frameworks */ = {
			isa = PBXGroup;
			children = (
				9ACE939B51E4C4F9F93CE94E /* Pods_Test191118.framework */,
				C53D2387D016DC4BB58CCE5B /* Pods_Test191118Tests.framework */,
				39390DA018491E5F31D0F620 /* Pods_Test191118UITests.framework */,
			);
			name = Frameworks;
			sourceTree = "<group>";
		};
		E1FA12F111F2914453E13117 /* Pods */ = {
			isa = PBXGroup;
			children = (
				9276928A3BEBE425155464C9 /* Pods-Test191118.debug.xcconfig */,
				7699D5C1BD8437144A80B1E1 /* Pods-Test191118.release.xcconfig */,
			);
			name = Pods;
			sourceTree = "<group>";
		};
/* End PBXGroup section */

/* Begin PBXNativeTarget section */
		2657E1FE21A3456900DFB872 /* Test191118 */ = {
			isa = PBXNativeTarget;
			buildConfigurationList = 2657E22721A3456C00DFB872 /* Build configuration list for PBXNativeTarget "Test191118" */;
			buildPhases = (
				99A278F6C920B6033879A210 /* [CP] Check Pods Manifest.lock */,
				2657E1FB21A3456900DFB872 /* Sources */,
				2657E1FC21A3456900DFB872 /* Frameworks */,
				2657E1FD21A3456900DFB872 /* Resources */,
				D5004DEA6061FC43A871C8A1 /* [CP] Embed Pods Frameworks */,
			);
			buildRules = (
			);
			dependencies = (
			);
			name = Test191118;
			productName = Test191118;
			productReference = 26ABAC1221A46D2800C4E8C3 /* Test191118.app */;
			productType = "com.apple.product-type.application";
		};
		2657E21221A3456B00DFB872 /* Test191118Tests */ = {
			isa = PBXNativeTarget;
			buildConfigurationList = 2657E22A21A3456C00DFB872 /* Build configuration list for PBXNativeTarget "Test191118Tests" */;
			buildPhases = (
				2657E20F21A3456B00DFB872 /* Sources */,
				2657E21021A3456B00DFB872 /* Frameworks */,
				2657E21121A3456B00DFB872 /* Resources */,
			);
			buildRules = (
			);
			dependencies = (
				2657E21521A3456B00DFB872 /* PBXTargetDependency */,
			);
			name = Test191118Tests;
			productName = Test191118Tests;
			productReference = E43AB0C121E6A4680069712A /* Test191118Tests.xctest */;
			productType = "com.apple.product-type.bundle.unit-test";
		};
		2657E21D21A3456B00DFB872 /* Test191118UITests */ = {
			isa = PBXNativeTarget;
			buildConfigurationList = 2657E22D21A3456C00DFB872 /* Build configuration list for PBXNativeTarget "Test191118UITests" */;
			buildPhases = (
				2657E21A21A3456B00DFB872 /* Sources */,
				2657E21B21A3456B00DFB872 /* Frameworks */,
				2657E21C21A3456B00DFB872 /* Resources */,
			);
			buildRules = (
			);
			dependencies = (
				2657E22021A3456B00DFB872 /* PBXTargetDependency */,
			);
			name = Test191118UITests;
			productName = Test191118UITests;
			productReference = E43AB0C221E6A4680069712A /* Test191118UITests.xctest */;
			productType = "com.apple.product-type.bundle.ui-testing";
		};
/* End PBXNativeTarget section */

/* Begin PBXProject section */
		2657E1F721A3456900DFB872 /* Project object */ = {
			isa = PBXProject;
			attributes = {
				LastSwiftUpdateCheck = 1010;
				LastUpgradeCheck = 1010;
				ORGANIZATIONNAME = Sarah;
				TargetAttributes = {
					2657E1FE21A3456900DFB872 = {
						CreatedOnToolsVersion = 10.1;
					};
					2657E21221A3456B00DFB872 = {
						CreatedOnToolsVersion = 10.1;
						TestTargetID = 2657E1FE21A3456900DFB872;
					};
					2657E21D21A3456B00DFB872 = {
						CreatedOnToolsVersion = 10.1;
						TestTargetID = 2657E1FE21A3456900DFB872;
					};
				};
			};
			buildConfigurationList = 2657E1FA21A3456900DFB872 /* Build configuration list for PBXProject "Test191118" */;
			compatibilityVersion = "Xcode 9.3";
			developmentRegion = en;
			hasScannedForEncodings = 0;
			knownRegions = (
				en,
				Base,
			);
			mainGroup = 2657E1F621A3456900DFB872;
			productRefGroup = 2657E1F621A3456900DFB872;
			projectDirPath = "";
			projectRoot = "";
			targets = (
				2657E1FE21A3456900DFB872 /* Test191118 */,
				2657E21221A3456B00DFB872 /* Test191118Tests */,
				2657E21D21A3456B00DFB872 /* Test191118UITests */,
			);
		};
/* End PBXProject section */

/* Begin PBXResourcesBuildPhase section */
		2657E1FD21A3456900DFB872 /* Resources */ = {
			isa = PBXResourcesBuildPhase;
			buildActionMask = 2147483647;
			files = (
				2657E20D21A3456B00DFB872 /* LaunchScreen.storyboard in Resources */,
				2657E20A21A3456B00DFB872 /* Assets.xcassets in Resources */,
				26A54EC921E4D43B0033C3EB /* Launch Screen.storyboard in Resources */,
				2657E20821A3456900DFB872 /* Main.storyboard in Resources */,
			);
			runOnlyForDeploymentPostprocessing = 0;
		};
		2657E21121A3456B00DFB872 /* Resources */ = {
			isa = PBXResourcesBuildPhase;
			buildActionMask = 2147483647;
			files = (
			);
			runOnlyForDeploymentPostprocessing = 0;
		};
		2657E21C21A3456B00DFB872 /* Resources */ = {
			isa = PBXResourcesBuildPhase;
			buildActionMask = 2147483647;
			files = (
			);
			runOnlyForDeploymentPostprocessing = 0;
		};
/* End PBXResourcesBuildPhase section */

/* Begin PBXShellScriptBuildPhase section */
		99A278F6C920B6033879A210 /* [CP] Check Pods Manifest.lock */ = {
			isa = PBXShellScriptBuildPhase;
			buildActionMask = 2147483647;
			files = (
			);
			inputFileListPaths = (
			);
			inputPaths = (
				"${PODS_PODFILE_DIR_PATH}/Podfile.lock",
				"${PODS_ROOT}/Manifest.lock",
			);
			name = "[CP] Check Pods Manifest.lock";
			outputFileListPaths = (
			);
			outputPaths = (
				"$(DERIVED_FILE_DIR)/Pods-Test191118-checkManifestLockResult.txt",
			);
			runOnlyForDeploymentPostprocessing = 0;
			shellPath = /bin/sh;
			shellScript = "diff \"${PODS_PODFILE_DIR_PATH}/Podfile.lock\" \"${PODS_ROOT}/Manifest.lock\" > /dev/null\nif [ $? != 0 ] ; then\n    # print error to STDERR\n    echo \"error: The sandbox is not in sync with the Podfile.lock. Run 'pod install' or update your CocoaPods installation.\" >&2\n    exit 1\nfi\n# This output is used by Xcode 'outputs' to avoid re-running this script phase.\necho \"SUCCESS\" > \"${SCRIPT_OUTPUT_FILE_0}\"\n";
			showEnvVarsInLog = 0;
		};
		D5004DEA6061FC43A871C8A1 /* [CP] Embed Pods Frameworks */ = {
			isa = PBXShellScriptBuildPhase;
			buildActionMask = 2147483647;
			files = (
			);
			inputFileListPaths = (
			);
			inputPaths = (
				"${SRCROOT}/Pods/Target Support Files/Pods-Test191118/Pods-Test191118-frameworks.sh",
				"${BUILT_PRODUCTS_DIR}/Alamofire/Alamofire.framework",
				"${BUILT_PRODUCTS_DIR}/PromiseKit/PromiseKit.framework",
				"${BUILT_PRODUCTS_DIR}/SwiftSoup/SwiftSoup.framework",
			);
			name = "[CP] Embed Pods Frameworks";
			outputFileListPaths = (
			);
			outputPaths = (
				"${TARGET_BUILD_DIR}/${FRAMEWORKS_FOLDER_PATH}/Alamofire.framework",
				"${TARGET_BUILD_DIR}/${FRAMEWORKS_FOLDER_PATH}/PromiseKit.framework",
				"${TARGET_BUILD_DIR}/${FRAMEWORKS_FOLDER_PATH}/SwiftSoup.framework",
			);
			runOnlyForDeploymentPostprocessing = 0;
			shellPath = /bin/sh;
			shellScript = "\"${SRCROOT}/Pods/Target Support Files/Pods-Test191118/Pods-Test191118-frameworks.sh\"\n";
			showEnvVarsInLog = 0;
		};
/* End PBXShellScriptBuildPhase section */

/* Begin PBXSourcesBuildPhase section */
		2657E1FB21A3456900DFB872 /* Sources */ = {
			isa = PBXSourcesBuildPhase;
			buildActionMask = 2147483647;
			files = (
				E428962C21E4FB23002E3D62 /* DummyDataService.swift in Sources */,
				AA36885D2200AB83007172ED /* Spinner.swift in Sources */,
				E428962621E4E31E002E3D62 /* MainDataService.swift in Sources */,
				E428962821E4E3B4002E3D62 /* AWSDataService.swift in Sources */,
				264B4F4E2200B17100757942 /* DetailsViewController.swift in Sources */,
				AA86DEED21C018890025D6DB /* Parser.swift in Sources */,
				E40361502201B68C0003D8A6 /* MyTrigger.swift in Sources */,
				2657E20321A3456900DFB872 /* AppDelegate.swift in Sources */,
				26ABAC0E21A43D4300C4E8C3 /* TableViewController.swift in Sources */,
				E49A493021F9FC9200435DE3 /* AppleDataService.swift in Sources */,
				2694A7BE22048CC200D94CFD /* InfoViewController.swift in Sources */,
				26ABAC1621AC84EC00C4E8C3 /* SettingsTableViewController.swift in Sources */,
			);
			runOnlyForDeploymentPostprocessing = 0;
		};
		2657E20F21A3456B00DFB872 /* Sources */ = {
			isa = PBXSourcesBuildPhase;
			buildActionMask = 2147483647;
			files = (
			);
			runOnlyForDeploymentPostprocessing = 0;
		};
		2657E21A21A3456B00DFB872 /* Sources */ = {
			isa = PBXSourcesBuildPhase;
			buildActionMask = 2147483647;
			files = (
			);
			runOnlyForDeploymentPostprocessing = 0;
		};
/* End PBXSourcesBuildPhase section */

/* Begin PBXTargetDependency section */
		2657E21521A3456B00DFB872 /* PBXTargetDependency */ = {
			isa = PBXTargetDependency;
			target = 2657E1FE21A3456900DFB872 /* Test191118 */;
			targetProxy = 2657E21421A3456B00DFB872 /* PBXContainerItemProxy */;
		};
		2657E22021A3456B00DFB872 /* PBXTargetDependency */ = {
			isa = PBXTargetDependency;
			target = 2657E1FE21A3456900DFB872 /* Test191118 */;
			targetProxy = 2657E21F21A3456B00DFB872 /* PBXContainerItemProxy */;
		};
/* End PBXTargetDependency section */

/* Begin PBXVariantGroup section */
		2657E20621A3456900DFB872 /* Main.storyboard */ = {
			isa = PBXVariantGroup;
			children = (
				2657E20721A3456900DFB872 /* Base */,
			);
			name = Main.storyboard;
			sourceTree = "<group>";
		};
		2657E20B21A3456B00DFB872 /* LaunchScreen.storyboard */ = {
			isa = PBXVariantGroup;
			children = (
				2657E20C21A3456B00DFB872 /* Base */,
			);
			name = LaunchScreen.storyboard;
			sourceTree = "<group>";
		};
/* End PBXVariantGroup section */

/* Begin XCBuildConfiguration section */
		2657E22521A3456C00DFB872 /* Debug */ = {
			isa = XCBuildConfiguration;
			buildSettings = {
				ALWAYS_SEARCH_USER_PATHS = NO;
				CLANG_ANALYZER_NONNULL = YES;
				CLANG_ANALYZER_NUMBER_OBJECT_CONVERSION = YES_AGGRESSIVE;
				CLANG_CXX_LANGUAGE_STANDARD = "gnu++14";
				CLANG_CXX_LIBRARY = "libc++";
				CLANG_ENABLE_MODULES = YES;
				CLANG_ENABLE_OBJC_ARC = YES;
				CLANG_ENABLE_OBJC_WEAK = YES;
				CLANG_WARN_BLOCK_CAPTURE_AUTORELEASING = YES;
				CLANG_WARN_BOOL_CONVERSION = YES;
				CLANG_WARN_COMMA = YES;
				CLANG_WARN_CONSTANT_CONVERSION = YES;
				CLANG_WARN_DEPRECATED_OBJC_IMPLEMENTATIONS = YES;
				CLANG_WARN_DIRECT_OBJC_ISA_USAGE = YES_ERROR;
				CLANG_WARN_DOCUMENTATION_COMMENTS = YES;
				CLANG_WARN_EMPTY_BODY = YES;
				CLANG_WARN_ENUM_CONVERSION = YES;
				CLANG_WARN_INFINITE_RECURSION = YES;
				CLANG_WARN_INT_CONVERSION = YES;
				CLANG_WARN_NON_LITERAL_NULL_CONVERSION = YES;
				CLANG_WARN_OBJC_IMPLICIT_RETAIN_SELF = YES;
				CLANG_WARN_OBJC_LITERAL_CONVERSION = YES;
				CLANG_WARN_OBJC_ROOT_CLASS = YES_ERROR;
				CLANG_WARN_RANGE_LOOP_ANALYSIS = YES;
				CLANG_WARN_STRICT_PROTOTYPES = YES;
				CLANG_WARN_SUSPICIOUS_MOVE = YES;
				CLANG_WARN_UNGUARDED_AVAILABILITY = YES_AGGRESSIVE;
				CLANG_WARN_UNREACHABLE_CODE = YES;
				CLANG_WARN__DUPLICATE_METHOD_MATCH = YES;
				CODE_SIGN_IDENTITY = "iPhone Developer";
				COPY_PHASE_STRIP = NO;
				DEBUG_INFORMATION_FORMAT = dwarf;
				ENABLE_STRICT_OBJC_MSGSEND = YES;
				ENABLE_TESTABILITY = YES;
				GCC_C_LANGUAGE_STANDARD = gnu11;
				GCC_DYNAMIC_NO_PIC = NO;
				GCC_NO_COMMON_BLOCKS = YES;
				GCC_OPTIMIZATION_LEVEL = 0;
				GCC_PREPROCESSOR_DEFINITIONS = (
					"DEBUG=1",
					"$(inherited)",
				);
				GCC_WARN_64_TO_32_BIT_CONVERSION = YES;
				GCC_WARN_ABOUT_RETURN_TYPE = YES_ERROR;
				GCC_WARN_UNDECLARED_SELECTOR = YES;
				GCC_WARN_UNINITIALIZED_AUTOS = YES_AGGRESSIVE;
				GCC_WARN_UNUSED_FUNCTION = YES;
				GCC_WARN_UNUSED_VARIABLE = YES;
				IPHONEOS_DEPLOYMENT_TARGET = 12.0;
				MTL_ENABLE_DEBUG_INFO = INCLUDE_SOURCE;
				MTL_FAST_MATH = YES;
				ONLY_ACTIVE_ARCH = YES;
				SDKROOT = iphoneos;
				SWIFT_ACTIVE_COMPILATION_CONDITIONS = DEBUG;
				SWIFT_OPTIMIZATION_LEVEL = "-Onone";
			};
			name = Debug;
		};
		2657E22621A3456C00DFB872 /* Release */ = {
			isa = XCBuildConfiguration;
			buildSettings = {
				ALWAYS_SEARCH_USER_PATHS = NO;
				CLANG_ANALYZER_NONNULL = YES;
				CLANG_ANALYZER_NUMBER_OBJECT_CONVERSION = YES_AGGRESSIVE;
				CLANG_CXX_LANGUAGE_STANDARD = "gnu++14";
				CLANG_CXX_LIBRARY = "libc++";
				CLANG_ENABLE_MODULES = YES;
				CLANG_ENABLE_OBJC_ARC = YES;
				CLANG_ENABLE_OBJC_WEAK = YES;
				CLANG_WARN_BLOCK_CAPTURE_AUTORELEASING = YES;
				CLANG_WARN_BOOL_CONVERSION = YES;
				CLANG_WARN_COMMA = YES;
				CLANG_WARN_CONSTANT_CONVERSION = YES;
				CLANG_WARN_DEPRECATED_OBJC_IMPLEMENTATIONS = YES;
				CLANG_WARN_DIRECT_OBJC_ISA_USAGE = YES_ERROR;
				CLANG_WARN_DOCUMENTATION_COMMENTS = YES;
				CLANG_WARN_EMPTY_BODY = YES;
				CLANG_WARN_ENUM_CONVERSION = YES;
				CLANG_WARN_INFINITE_RECURSION = YES;
				CLANG_WARN_INT_CONVERSION = YES;
				CLANG_WARN_NON_LITERAL_NULL_CONVERSION = YES;
				CLANG_WARN_OBJC_IMPLICIT_RETAIN_SELF = YES;
				CLANG_WARN_OBJC_LITERAL_CONVERSION = YES;
				CLANG_WARN_OBJC_ROOT_CLASS = YES_ERROR;
				CLANG_WARN_RANGE_LOOP_ANALYSIS = YES;
				CLANG_WARN_STRICT_PROTOTYPES = YES;
				CLANG_WARN_SUSPICIOUS_MOVE = YES;
				CLANG_WARN_UNGUARDED_AVAILABILITY = YES_AGGRESSIVE;
				CLANG_WARN_UNREACHABLE_CODE = YES;
				CLANG_WARN__DUPLICATE_METHOD_MATCH = YES;
				CODE_SIGN_IDENTITY = "iPhone Developer";
				COPY_PHASE_STRIP = NO;
				DEBUG_INFORMATION_FORMAT = "dwarf-with-dsym";
				ENABLE_NS_ASSERTIONS = NO;
				ENABLE_STRICT_OBJC_MSGSEND = YES;
				GCC_C_LANGUAGE_STANDARD = gnu11;
				GCC_NO_COMMON_BLOCKS = YES;
				GCC_WARN_64_TO_32_BIT_CONVERSION = YES;
				GCC_WARN_ABOUT_RETURN_TYPE = YES_ERROR;
				GCC_WARN_UNDECLARED_SELECTOR = YES;
				GCC_WARN_UNINITIALIZED_AUTOS = YES_AGGRESSIVE;
				GCC_WARN_UNUSED_FUNCTION = YES;
				GCC_WARN_UNUSED_VARIABLE = YES;
				IPHONEOS_DEPLOYMENT_TARGET = 12.0;
				MTL_ENABLE_DEBUG_INFO = NO;
				MTL_FAST_MATH = YES;
				SDKROOT = iphoneos;
				SWIFT_COMPILATION_MODE = wholemodule;
				SWIFT_OPTIMIZATION_LEVEL = "-O";
				VALIDATE_PRODUCT = YES;
			};
			name = Release;
		};
		2657E22821A3456C00DFB872 /* Debug */ = {
			isa = XCBuildConfiguration;
			baseConfigurationReference = 9276928A3BEBE425155464C9 /* Pods-Test191118.debug.xcconfig */;
			buildSettings = {
				ASSETCATALOG_COMPILER_APPICON_NAME = AppIcon;
				CODE_SIGN_IDENTITY = "iPhone Developer";
				CODE_SIGN_STYLE = Automatic;
				DEVELOPMENT_TEAM = 7R5ZEU67FQ;
				INFOPLIST_FILE = Test191118/Info.plist;
				IPHONEOS_DEPLOYMENT_TARGET = 12.0;
				LD_RUNPATH_SEARCH_PATHS = (
					"$(inherited)",
					"@executable_path/Frameworks",
				);
				PRODUCT_BUNDLE_IDENTIFIER = io.CloudServicWatcher.Test191118;
				PRODUCT_NAME = "$(TARGET_NAME)";
				PROVISIONING_PROFILE_SPECIFIER = "";
				SWIFT_VERSION = 4.2;
				TARGETED_DEVICE_FAMILY = "1,2";
			};
			name = Debug;
		};
		2657E22921A3456C00DFB872 /* Release */ = {
			isa = XCBuildConfiguration;
			baseConfigurationReference = 7699D5C1BD8437144A80B1E1 /* Pods-Test191118.release.xcconfig */;
			buildSettings = {
				ASSETCATALOG_COMPILER_APPICON_NAME = AppIcon;
				CODE_SIGN_IDENTITY = "iPhone Developer";
				CODE_SIGN_STYLE = Automatic;
				DEVELOPMENT_TEAM = 7R5ZEU67FQ;
				INFOPLIST_FILE = Test191118/Info.plist;
				IPHONEOS_DEPLOYMENT_TARGET = 12.0;
				LD_RUNPATH_SEARCH_PATHS = (
					"$(inherited)",
					"@executable_path/Frameworks",
				);
				PRODUCT_BUNDLE_IDENTIFIER = io.CloudServicWatcher.Test191118;
				PRODUCT_NAME = "$(TARGET_NAME)";
				PROVISIONING_PROFILE_SPECIFIER = "";
				SWIFT_VERSION = 4.2;
				TARGETED_DEVICE_FAMILY = "1,2";
			};
			name = Release;
		};
		2657E22B21A3456C00DFB872 /* Debug */ = {
			isa = XCBuildConfiguration;
			buildSettings = {
				ALWAYS_EMBED_SWIFT_STANDARD_LIBRARIES = YES;
				BUNDLE_LOADER = "$(TEST_HOST)";
				CODE_SIGN_STYLE = Automatic;
				DEVELOPMENT_TEAM = 7R5ZEU67FQ;
				INFOPLIST_FILE = Test191118Tests/Info.plist;
				LD_RUNPATH_SEARCH_PATHS = (
					"$(inherited)",
					"@executable_path/Frameworks",
					"@loader_path/Frameworks",
				);
				PRODUCT_BUNDLE_IDENTIFIER = com.example.Test191118Tests;
				PRODUCT_NAME = "$(TARGET_NAME)";
				SWIFT_VERSION = 4.2;
				TARGETED_DEVICE_FAMILY = "1,2";
				TEST_HOST = "$(BUILT_PRODUCTS_DIR)/Test191118.app/Test191118";
			};
			name = Debug;
		};
		2657E22C21A3456C00DFB872 /* Release */ = {
			isa = XCBuildConfiguration;
			buildSettings = {
				ALWAYS_EMBED_SWIFT_STANDARD_LIBRARIES = YES;
				BUNDLE_LOADER = "$(TEST_HOST)";
				CODE_SIGN_STYLE = Automatic;
				DEVELOPMENT_TEAM = 7R5ZEU67FQ;
				INFOPLIST_FILE = Test191118Tests/Info.plist;
				LD_RUNPATH_SEARCH_PATHS = (
					"$(inherited)",
					"@executable_path/Frameworks",
					"@loader_path/Frameworks",
				);
				PRODUCT_BUNDLE_IDENTIFIER = com.example.Test191118Tests;
				PRODUCT_NAME = "$(TARGET_NAME)";
				SWIFT_VERSION = 4.2;
				TARGETED_DEVICE_FAMILY = "1,2";
				TEST_HOST = "$(BUILT_PRODUCTS_DIR)/Test191118.app/Test191118";
			};
			name = Release;
		};
		2657E22E21A3456C00DFB872 /* Debug */ = {
			isa = XCBuildConfiguration;
			buildSettings = {
				ALWAYS_EMBED_SWIFT_STANDARD_LIBRARIES = YES;
				CODE_SIGN_STYLE = Automatic;
				DEVELOPMENT_TEAM = 7R5ZEU67FQ;
				INFOPLIST_FILE = Test191118UITests/Info.plist;
				LD_RUNPATH_SEARCH_PATHS = (
					"$(inherited)",
					"@executable_path/Frameworks",
					"@loader_path/Frameworks",
				);
				PRODUCT_BUNDLE_IDENTIFIER = com.example.Test191118UITests;
				PRODUCT_NAME = "$(TARGET_NAME)";
				SWIFT_VERSION = 4.2;
				TARGETED_DEVICE_FAMILY = "1,2";
				TEST_TARGET_NAME = Test191118;
			};
			name = Debug;
		};
		2657E22F21A3456C00DFB872 /* Release */ = {
			isa = XCBuildConfiguration;
			buildSettings = {
				ALWAYS_EMBED_SWIFT_STANDARD_LIBRARIES = YES;
				CODE_SIGN_STYLE = Automatic;
				DEVELOPMENT_TEAM = 7R5ZEU67FQ;
				INFOPLIST_FILE = Test191118UITests/Info.plist;
				LD_RUNPATH_SEARCH_PATHS = (
					"$(inherited)",
					"@executable_path/Frameworks",
					"@loader_path/Frameworks",
				);
				PRODUCT_BUNDLE_IDENTIFIER = com.example.Test191118UITests;
				PRODUCT_NAME = "$(TARGET_NAME)";
				SWIFT_VERSION = 4.2;
				TARGETED_DEVICE_FAMILY = "1,2";
				TEST_TARGET_NAME = Test191118;
			};
			name = Release;
		};
/* End XCBuildConfiguration section */

/* Begin XCConfigurationList section */
		2657E1FA21A3456900DFB872 /* Build configuration list for PBXProject "Test191118" */ = {
			isa = XCConfigurationList;
			buildConfigurations = (
				2657E22521A3456C00DFB872 /* Debug */,
				2657E22621A3456C00DFB872 /* Release */,
			);
			defaultConfigurationIsVisible = 0;
			defaultConfigurationName = Debug;
		};
		2657E22721A3456C00DFB872 /* Build configuration list for PBXNativeTarget "Test191118" */ = {
			isa = XCConfigurationList;
			buildConfigurations = (
				2657E22821A3456C00DFB872 /* Debug */,
				2657E22921A3456C00DFB872 /* Release */,
			);
			defaultConfigurationIsVisible = 0;
			defaultConfigurationName = Debug;
		};
		2657E22A21A3456C00DFB872 /* Build configuration list for PBXNativeTarget "Test191118Tests" */ = {
			isa = XCConfigurationList;
			buildConfigurations = (
				2657E22B21A3456C00DFB872 /* Debug */,
				2657E22C21A3456C00DFB872 /* Release */,
			);
			defaultConfigurationIsVisible = 0;
			defaultConfigurationName = Debug;
		};
		2657E22D21A3456C00DFB872 /* Build configuration list for PBXNativeTarget "Test191118UITests" */ = {
			isa = XCConfigurationList;
			buildConfigurations = (
				2657E22E21A3456C00DFB872 /* Debug */,
				2657E22F21A3456C00DFB872 /* Release */,
			);
			defaultConfigurationIsVisible = 0;
			defaultConfigurationName = Debug;
		};
/* End XCConfigurationList section */
	};
	rootObject = 2657E1F721A3456900DFB872 /* Project object */;
}
